
Microsoft Visual Studio Solution File, Format Version 12.00
Project("{FAE04EC0-301F-11D3-BF4B-00C04F79EFBC}") = "OddService", "OddService\OddService.csproj", "{0A650FE6-8C9D-4D3E-9A38-9EEC672D4C91}"
EndProject
Project("{FAE04EC0-301F-11D3-BF4B-00C04F79EFBC}") = "OddServiceTests", "OddServiceTests\OddServiceTests.csproj", "{AD0549C3-30B2-4D79-A443-3F0008E8B977}"
EndProject
Global
	GlobalSection(SolutionConfigurationPlatforms) = preSolution
		Debug|Any CPU = Debug|Any CPU
		Release|Any CPU = Release|Any CPU
	EndGlobalSection
	GlobalSection(ProjectConfigurationPlatforms) = postSolution
		{0A650FE6-8C9D-4D3E-9A38-9EEC672D4C91}.Debug|Any CPU.ActiveCfg = Debug|Any CPU
		{0A650FE6-8C9D-4D3E-9A38-9EEC672D4C91}.Debug|Any CPU.Build.0 = Debug|Any CPU
		{0A650FE6-8C9D-4D3E-9A38-9EEC672D4C91}.Release|Any CPU.ActiveCfg = Release|Any CPU
		{0A650FE6-8C9D-4D3E-9A38-9EEC672D4C91}.Release|Any CPU.Build.0 = Release|Any CPU
		{AD0549C3-30B2-4D79-A443-3F0008E8B977}.Debug|Any CPU.ActiveCfg = Debug|Any CPU
		{AD0549C3-30B2-4D79-A443-3F0008E8B977}.Debug|Any CPU.Build.0 = Debug|Any CPU
		{AD0549C3-30B2-4D79-A443-3F0008E8B977}.Release|Any CPU.ActiveCfg = Release|Any CPU
		{AD0549C3-30B2-4D79-A443-3F0008E8B977}.Release|Any CPU.Build.0 = Release|Any CPU
	EndGlobalSection
EndGlobal
